
Microsoft Visual Studio Solution File, Format Version 12.00
Project("{2150E333-8FDC-42A3-9474-1A3956D46DE8}") = "src", "src", "{C59084FC-E3FF-4B23-A687-107857E18F9D}"
EndProject
Project("{2150E333-8FDC-42A3-9474-1A3956D46DE8}") = "Core", "Core", "{00A01DFF-DA9B-49F0-B840-2144B3DEE5AC}"
EndProject
Project("{2150E333-8FDC-42A3-9474-1A3956D46DE8}") = "Infrastructure", "Infrastructure", "{2FEFDF63-3D0B-4CB9-AF39-299238F76A58}"
EndProject
Project("{2150E333-8FDC-42A3-9474-1A3956D46DE8}") = "Presentation", "Presentation", "{D456772A-B3CA-4CC3-A49F-C446164E3D47}"
EndProject
Project("{FAE04EC0-301F-11D3-BF4B-00C04F79EFBC}") = "TaskFlow.Domain", "src\Core\TaskFlow.Domain\TaskFlow.Domain.csproj", "{8AB2E221-D074-476A-AAB0-02870AD01A8C}"
EndProject
Project("{FAE04EC0-301F-11D3-BF4B-00C04F79EFBC}") = "TaskFlow.Application", "src\Core\TaskFlow.Application\TaskFlow.Application.csproj", "{904750DC-7548-4520-AB50-78626B93EBF1}"
EndProject
Project("{FAE04EC0-301F-11D3-BF4B-00C04F79EFBC}") = "TaskFlow.Infrastructure", "src\Infrastructure\TaskFlow.Infrastructure\TaskFlow.Infrastructure.csproj", "{22B549C9-ADBD-45A9-A988-5A6E9E8D312D}"
EndProject
Project("{FAE04EC0-301F-11D3-BF4B-00C04F79EFBC}") = "TaskFlow.Persistence", "src\Infrastructure\TaskFlow.Persistence\TaskFlow.Persistence.csproj", "{115D29AE-E5F9-436C-8C2F-8AD404762056}"
EndProject
Project("{FAE04EC0-301F-11D3-BF4B-00C04F79EFBC}") = "TaskFlow.API", "src\Persistence\TaskFlow.API\TaskFlow.API.csproj", "{4AE3F568-3F8B-4110-95FA-3D0A7306CA39}"
EndProject
Global
	GlobalSection(SolutionConfigurationPlatforms) = preSolution
		Debug|Any CPU = Debug|Any CPU
		Release|Any CPU = Release|Any CPU
	EndGlobalSection
	GlobalSection(NestedProjects) = preSolution
		{00A01DFF-DA9B-49F0-B840-2144B3DEE5AC} = {C59084FC-E3FF-4B23-A687-107857E18F9D}
		{2FEFDF63-3D0B-4CB9-AF39-299238F76A58} = {C59084FC-E3FF-4B23-A687-107857E18F9D}
		{D456772A-B3CA-4CC3-A49F-C446164E3D47} = {C59084FC-E3FF-4B23-A687-107857E18F9D}
		{8AB2E221-D074-476A-AAB0-02870AD01A8C} = {00A01DFF-DA9B-49F0-B840-2144B3DEE5AC}
		{904750DC-7548-4520-AB50-78626B93EBF1} = {00A01DFF-DA9B-49F0-B840-2144B3DEE5AC}
		{22B549C9-ADBD-45A9-A988-5A6E9E8D312D} = {2FEFDF63-3D0B-4CB9-AF39-299238F76A58}
		{115D29AE-E5F9-436C-8C2F-8AD404762056} = {2FEFDF63-3D0B-4CB9-AF39-299238F76A58}
		{4AE3F568-3F8B-4110-95FA-3D0A7306CA39} = {D456772A-B3CA-4CC3-A49F-C446164E3D47}
	EndGlobalSection
	GlobalSection(ProjectConfigurationPlatforms) = postSolution
		{8AB2E221-D074-476A-AAB0-02870AD01A8C}.Debug|Any CPU.ActiveCfg = Debug|Any CPU
		{8AB2E221-D074-476A-AAB0-02870AD01A8C}.Debug|Any CPU.Build.0 = Debug|Any CPU
		{8AB2E221-D074-476A-AAB0-02870AD01A8C}.Release|Any CPU.ActiveCfg = Release|Any CPU
		{8AB2E221-D074-476A-AAB0-02870AD01A8C}.Release|Any CPU.Build.0 = Release|Any CPU
		{904750DC-7548-4520-AB50-78626B93EBF1}.Debug|Any CPU.ActiveCfg = Debug|Any CPU
		{904750DC-7548-4520-AB50-78626B93EBF1}.Debug|Any CPU.Build.0 = Debug|Any CPU
		{904750DC-7548-4520-AB50-78626B93EBF1}.Release|Any CPU.ActiveCfg = Release|Any CPU
		{904750DC-7548-4520-AB50-78626B93EBF1}.Release|Any CPU.Build.0 = Release|Any CPU
		{22B549C9-ADBD-45A9-A988-5A6E9E8D312D}.Debug|Any CPU.ActiveCfg = Debug|Any CPU
		{22B549C9-ADBD-45A9-A988-5A6E9E8D312D}.Debug|Any CPU.Build.0 = Debug|Any CPU
		{22B549C9-ADBD-45A9-A988-5A6E9E8D312D}.Release|Any CPU.ActiveCfg = Release|Any CPU
		{22B549C9-ADBD-45A9-A988-5A6E9E8D312D}.Release|Any CPU.Build.0 = Release|Any CPU
		{115D29AE-E5F9-436C-8C2F-8AD404762056}.Debug|Any CPU.ActiveCfg = Debug|Any CPU
		{115D29AE-E5F9-436C-8C2F-8AD404762056}.Debug|Any CPU.Build.0 = Debug|Any CPU
		{115D29AE-E5F9-436C-8C2F-8AD404762056}.Release|Any CPU.ActiveCfg = Release|Any CPU
		{115D29AE-E5F9-436C-8C2F-8AD404762056}.Release|Any CPU.Build.0 = Release|Any CPU
		{4AE3F568-3F8B-4110-95FA-3D0A7306CA39}.Debug|Any CPU.ActiveCfg = Debug|Any CPU
		{4AE3F568-3F8B-4110-95FA-3D0A7306CA39}.Debug|Any CPU.Build.0 = Debug|Any CPU
		{4AE3F568-3F8B-4110-95FA-3D0A7306CA39}.Release|Any CPU.ActiveCfg = Release|Any CPU
		{4AE3F568-3F8B-4110-95FA-3D0A7306CA39}.Release|Any CPU.Build.0 = Release|Any CPU
	EndGlobalSection
EndGlobal
